
Microsoft Visual Studio Solution File, Format Version 12.00
# Visual Studio Version 16
VisualStudioVersion = 16.0.32929.386
MinimumVisualStudioVersion = 10.0.40219.1
Project("{FAE04EC0-301F-11D3-BF4B-00C04F79EFBC}") = "Azure_Blob", "Azure_Blob\Azure_Blob.csproj", "{BFDFD7F7-F92B-41DA-8E8F-9D59A215D88F}"
EndProject
Global
	GlobalSection(SolutionConfigurationPlatforms) = preSolution
		Debug|Any CPU = Debug|Any CPU
		Release|Any CPU = Release|Any CPU
	EndGlobalSection
	GlobalSection(ProjectConfigurationPlatforms) = postSolution
		{BFDFD7F7-F92B-41DA-8E8F-9D59A215D88F}.Debug|Any CPU.ActiveCfg = Debug|Any CPU
		{BFDFD7F7-F92B-41DA-8E8F-9D59A215D88F}.Debug|Any CPU.Build.0 = Debug|Any CPU
		{BFDFD7F7-F92B-41DA-8E8F-9D59A215D88F}.Release|Any CPU.ActiveCfg = Release|Any CPU
		{BFDFD7F7-F92B-41DA-8E8F-9D59A215D88F}.Release|Any CPU.Build.0 = Release|Any CPU
	EndGlobalSection
	GlobalSection(SolutionProperties) = preSolution
		HideSolutionNode = FALSE
	EndGlobalSection
	GlobalSection(ExtensibilityGlobals) = postSolution
		SolutionGuid = {E46262FA-1CED-4EA5-9CDF-80EEC7FFD376}
	EndGlobalSection
EndGlobal
